
Microsoft Visual Studio Solution File, Format Version 12.00
# Visual Studio Version 16
VisualStudioVersion = 16.0.29411.108
MinimumVisualStudioVersion = 10.0.40219.1
Project("{FAE04EC0-301F-11D3-BF4B-00C04F79EFBC}") = "D.MoveOn.ApiGateway", "D.MoveOn.ApiGateway\D.MoveOn.ApiGateway.csproj", "{24BBD954-758A-413E-AD02-CD03A1ED00A3}"
EndProject
Global
	GlobalSection(SolutionConfigurationPlatforms) = preSolution
		Debug|Any CPU = Debug|Any CPU
		Release|Any CPU = Release|Any CPU
	EndGlobalSection
	GlobalSection(ProjectConfigurationPlatforms) = postSolution
		{24BBD954-758A-413E-AD02-CD03A1ED00A3}.Debug|Any CPU.ActiveCfg = Debug|Any CPU
		{24BBD954-758A-413E-AD02-CD03A1ED00A3}.Debug|Any CPU.Build.0 = Debug|Any CPU
		{24BBD954-758A-413E-AD02-CD03A1ED00A3}.Release|Any CPU.ActiveCfg = Release|Any CPU
		{24BBD954-758A-413E-AD02-CD03A1ED00A3}.Release|Any CPU.Build.0 = Release|Any CPU
	EndGlobalSection
	GlobalSection(SolutionProperties) = preSolution
		HideSolutionNode = FALSE
	EndGlobalSection
	GlobalSection(ExtensibilityGlobals) = postSolution
		SolutionGuid = {1CF6E50A-AAC3-4495-A7E8-677BF96EAB7C}
	EndGlobalSection
EndGlobal
